
Microsoft Visual Studio Solution File, Format Version 12.00
# Visual Studio 15
Project("{FAE04EC0-301F-11D3-BF4B-00C04F79EFBC}") = "Assembly-CSharp", "Assembly-CSharp.csproj", "{80B47875-BA9B-C59B-9624-D02038272707}"
EndProject
Project("{FAE04EC0-301F-11D3-BF4B-00C04F79EFBC}") = "Assembly-CSharp-Editor", "Assembly-CSharp-Editor.csproj", "{A4F1AA97-442F-3559-82DE-C195795473EF}"
EndProject
Global
	GlobalSection(SolutionConfigurationPlatforms) = preSolution
		Debug|Any CPU = Debug|Any CPU
		Release|Any CPU = Release|Any CPU
	EndGlobalSection
	GlobalSection(ProjectConfigurationPlatforms) = postSolution
		{80B47875-BA9B-C59B-9624-D02038272707}.Debug|Any CPU.ActiveCfg = Debug|Any CPU
		{80B47875-BA9B-C59B-9624-D02038272707}.Debug|Any CPU.Build.0 = Debug|Any CPU
		{80B47875-BA9B-C59B-9624-D02038272707}.Release|Any CPU.ActiveCfg = Release|Any CPU
		{80B47875-BA9B-C59B-9624-D02038272707}.Release|Any CPU.Build.0 = Release|Any CPU
		{A4F1AA97-442F-3559-82DE-C195795473EF}.Debug|Any CPU.ActiveCfg = Debug|Any CPU
		{A4F1AA97-442F-3559-82DE-C195795473EF}.Debug|Any CPU.Build.0 = Debug|Any CPU
		{A4F1AA97-442F-3559-82DE-C195795473EF}.Release|Any CPU.ActiveCfg = Release|Any CPU
		{A4F1AA97-442F-3559-82DE-C195795473EF}.Release|Any CPU.Build.0 = Release|Any CPU
	EndGlobalSection
	GlobalSection(SolutionProperties) = preSolution
		HideSolutionNode = FALSE
	EndGlobalSection
EndGlobal
